{
  "name": "bunk-dev-test",
  "version": "1.0.0",
  "lockfileVersion": 2,
  "requires": true,
  "packages": {
    "": {
      "name": "bunk-dev-test",
      "version": "1.0.0",
      "license": "ISC",
      "devDependencies": {
        "fast-debugger": "^1.0.2"
      }
    },
    "node_modules/fast-debugger": {
      "version": "1.0.2",
      "resolved": "https://registry.npmjs.org/fast-debugger/-/fast-debugger-1.0.2.tgz",
      "integrity": "sha512-70dbCNy0/tvweaM2CUEkmg9rfph5tRGwvKj5n3p6M9toExRvysQAusTDYwFJ3nqUGVN7FkTueBTY8/BFxlwUCA==",
      "dev": true,
      "dependencies": {
        "ws": "^7.5.3"
      }
    },
    "node_modules/ws": {
      "version": "7.5.9",
      "resolved": "https://registry.npmjs.org/ws/-/ws-7.5.9.tgz",
      "integrity": "sha512-F+P9Jil7UiSKSkppIiD94dN07AwvFixvLIj1Og1Rl9GGMuNipJnV9JzjD6XuqmAeiswGvUmNLjr5cFuXwNS77Q==",
      "dev": true,
      "engines": {
        "node": ">=8.3.0"
      },
      "peerDependencies": {
        "bufferutil": "^4.0.1",
        "utf-8-validate": "^5.0.2"
      },
      "peerDependenciesMeta": {
        "bufferutil": {
          "optional": true
        },
        "utf-8-validate": {
          "optional": true
        }
      }
    }
  },
  "dependencies": {
    "fast-debugger": {
      "version": "1.0.2",
      "resolved": "https://registry.npmjs.org/fast-debugger/-/fast-debugger-1.0.2.tgz",
      "integrity": "sha512-70dbCNy0/tvweaM2CUEkmg9rfph5tRGwvKj5n3p6M9toExRvysQAusTDYwFJ3nqUGVN7FkTueBTY8/BFxlwUCA==",
      "dev": true,
      "requires": {
        "ws": "^7.5.3"
      }
    },
    "ws": {
      "version": "7.5.9",
      "resolved": "https://registry.npmjs.org/ws/-/ws-7.5.9.tgz",
      "integrity": "sha512-F+P9Jil7UiSKSkppIiD94dN07AwvFixvLIj1Og1Rl9GGMuNipJnV9JzjD6XuqmAeiswGvUmNLjr5cFuXwNS77Q==",
      "dev": true,
      "requires": {}
    }
  }
}
